
Microsoft Visual Studio Solution File, Format Version 12.00
# Visual Studio Version 17
VisualStudioVersion = 17.13.35931.197
MinimumVisualStudioVersion = 10.0.40219.1
Project("{FAE04EC0-301F-11D3-BF4B-00C04F79EFBC}") = "StoreService", "StoreService\StoreService.csproj", "{1BCD9BCE-E6DA-4342-B2EE-7B4F45164F26}"
EndProject
Project("{FAE04EC0-301F-11D3-BF4B-00C04F79EFBC}") = "DTOs", "DTOs\DTOs.csproj", "{A8EFFAD5-0256-48D1-B638-DA9098C15456}"
EndProject
Project("{E53339B2-1760-4266-BCC7-CA923CBCF16C}") = "docker-compose", "docker-compose.dcproj", "{81DDED9D-158B-E303-5F62-77A2896D2A5A}"
EndProject
Project("{FAE04EC0-301F-11D3-BF4B-00C04F79EFBC}") = "StoreClient", "StoreClient\StoreClient.csproj", "{A81BE643-9625-4E6C-9C4A-673912EA9284}"
EndProject
Global
	GlobalSection(SolutionConfigurationPlatforms) = preSolution
		Debug|Any CPU = Debug|Any CPU
		Release|Any CPU = Release|Any CPU
	EndGlobalSection
	GlobalSection(ProjectConfigurationPlatforms) = postSolution
		{1BCD9BCE-E6DA-4342-B2EE-7B4F45164F26}.Debug|Any CPU.ActiveCfg = Debug|Any CPU
		{1BCD9BCE-E6DA-4342-B2EE-7B4F45164F26}.Debug|Any CPU.Build.0 = Debug|Any CPU
		{1BCD9BCE-E6DA-4342-B2EE-7B4F45164F26}.Release|Any CPU.ActiveCfg = Release|Any CPU
		{1BCD9BCE-E6DA-4342-B2EE-7B4F45164F26}.Release|Any CPU.Build.0 = Release|Any CPU
		{A8EFFAD5-0256-48D1-B638-DA9098C15456}.Debug|Any CPU.ActiveCfg = Debug|Any CPU
		{A8EFFAD5-0256-48D1-B638-DA9098C15456}.Debug|Any CPU.Build.0 = Debug|Any CPU
		{A8EFFAD5-0256-48D1-B638-DA9098C15456}.Release|Any CPU.ActiveCfg = Release|Any CPU
		{A8EFFAD5-0256-48D1-B638-DA9098C15456}.Release|Any CPU.Build.0 = Release|Any CPU
		{81DDED9D-158B-E303-5F62-77A2896D2A5A}.Debug|Any CPU.ActiveCfg = Debug|Any CPU
		{81DDED9D-158B-E303-5F62-77A2896D2A5A}.Debug|Any CPU.Build.0 = Debug|Any CPU
		{81DDED9D-158B-E303-5F62-77A2896D2A5A}.Release|Any CPU.ActiveCfg = Release|Any CPU
		{81DDED9D-158B-E303-5F62-77A2896D2A5A}.Release|Any CPU.Build.0 = Release|Any CPU
		{A81BE643-9625-4E6C-9C4A-673912EA9284}.Debug|Any CPU.ActiveCfg = Debug|Any CPU
		{A81BE643-9625-4E6C-9C4A-673912EA9284}.Debug|Any CPU.Build.0 = Debug|Any CPU
		{A81BE643-9625-4E6C-9C4A-673912EA9284}.Release|Any CPU.ActiveCfg = Release|Any CPU
		{A81BE643-9625-4E6C-9C4A-673912EA9284}.Release|Any CPU.Build.0 = Release|Any CPU
	EndGlobalSection
	GlobalSection(SolutionProperties) = preSolution
		HideSolutionNode = FALSE
	EndGlobalSection
	GlobalSection(ExtensibilityGlobals) = postSolution
		SolutionGuid = {0BB5B39B-5879-4485-BD52-E3599C2221FB}
	EndGlobalSection
EndGlobal
